
Microsoft Visual Studio Solution File, Format Version 12.00
# Visual Studio Version 17
VisualStudioVersion = 17.5.33530.505
MinimumVisualStudioVersion = 10.0.40219.1
Project("{9A19103F-16F7-4668-BE54-9A1E7A4F7556}") = "rehome", "rehome.csproj", "{A9FAB331-26F8-4AA0-9D96-86D7EA77C8DE}"
EndProject
Global
	GlobalSection(SolutionConfigurationPlatforms) = preSolution
		Debug|Any CPU = Debug|Any CPU
		Release|Any CPU = Release|Any CPU
	EndGlobalSection
	GlobalSection(ProjectConfigurationPlatforms) = postSolution
		{A9FAB331-26F8-4AA0-9D96-86D7EA77C8DE}.Debug|Any CPU.ActiveCfg = Debug|Any CPU
		{A9FAB331-26F8-4AA0-9D96-86D7EA77C8DE}.Debug|Any CPU.Build.0 = Debug|Any CPU
		{A9FAB331-26F8-4AA0-9D96-86D7EA77C8DE}.Release|Any CPU.ActiveCfg = Debug|Any CPU
		{A9FAB331-26F8-4AA0-9D96-86D7EA77C8DE}.Release|Any CPU.Build.0 = Debug|Any CPU
	EndGlobalSection
	GlobalSection(SolutionProperties) = preSolution
		HideSolutionNode = FALSE
	EndGlobalSection
	GlobalSection(ExtensibilityGlobals) = postSolution
		SolutionGuid = {6B5EFE14-DA22-4D5F-9002-AFD838F235DC}
	EndGlobalSection
EndGlobal
